
Microsoft Visual Studio Solution File, Format Version 12.00
# Visual Studio Version 17
VisualStudioVersion = 17.14.36212.18 d17.14
MinimumVisualStudioVersion = 10.0.40219.1
Project("{FAE04EC0-301F-11D3-BF4B-00C04F79EFBC}") = "Demo-01-Namespace", "Demo-01-Namespace\Demo-01-Namespace.csproj", "{4BF38CF9-0300-4655-8AF2-A93F2F8CF7D8}"
EndProject
Project("{FAE04EC0-301F-11D3-BF4B-00C04F79EFBC}") = "Demo-01Bis-NamespaceReference", "Demo-01Bis-NamespaceReference\Demo-01Bis-NamespaceReference.csproj", "{D26AE680-6E3E-4B73-AD33-927ECBB17BE8}"
EndProject
Project("{FAE04EC0-301F-11D3-BF4B-00C04F79EFBC}") = "Demo-02-Encapsulation", "Demo-02-Encapsulation\Demo-02-Encapsulation.csproj", "{8E097E23-4032-4BD9-80E7-47528AD07983}"
EndProject
Project("{FAE04EC0-301F-11D3-BF4B-00C04F79EFBC}") = "Demo-03-NotionClasse", "Demo-03-NotionClasse\Demo-03-NotionClasse.csproj", "{DB82A9E6-5199-4021-8C22-E81383C80470}"
EndProject
Project("{FAE04EC0-301F-11D3-BF4B-00C04F79EFBC}") = "Demo-04-Proprietes", "Demo-04-Proprietes\Demo-04-Proprietes.csproj", "{7DA5770C-2C4F-44D7-B767-E91E36F04A9D}"
EndProject
Project("{FAE04EC0-301F-11D3-BF4B-00C04F79EFBC}") = "Demo-05-ProprietesAutoCalculees", "Demo-05-ProprietesAutoCalculees\Demo-05-ProprietesAutoCalculees.csproj", "{42D951F4-FF60-459F-8DF9-9916455976C9}"
EndProject
Project("{2150E333-8FDC-42A3-9474-1A3956D46DE8}") = "Démonstrations", "Démonstrations", "{02EA681E-C7D8-13C7-8484-4AC65E1B71E8}"
EndProject
Project("{2150E333-8FDC-42A3-9474-1A3956D46DE8}") = "Corrections", "Corrections", "{AC38D9AC-43BB-4C97-AE98-BDEA25CBD2C6}"
EndProject
Project("{FAE04EC0-301F-11D3-BF4B-00C04F79EFBC}") = "Exercice-Banque", "Exercice-Banque\Exercice-Banque.csproj", "{A2531265-F1C5-44BA-A8CD-5F214BC0E6CD}"
EndProject
Project("{FAE04EC0-301F-11D3-BF4B-00C04F79EFBC}") = "Demo-06-Indexeurs", "Demo-06-Indexeurs\Demo-06-Indexeurs.csproj", "{0C620AFC-883D-4EDA-8CD3-DE8D353FF96C}"
EndProject
Project("{FAE04EC0-301F-11D3-BF4B-00C04F79EFBC}") = "Demo-07-Operateurs", "Demo-07-Operateurs\Demo-07-Operateurs.csproj", "{34DE8088-AAFE-43EB-9B8C-D4F8DFA8AB1E}"
EndProject
Project("{FAE04EC0-301F-11D3-BF4B-00C04F79EFBC}") = "Demo-08-Heritage-01", "Demo-08-Heritage-01\Demo-08-Heritage-01.csproj", "{43DF3506-60E9-43F6-AFA6-03830D931813}"
EndProject
Project("{FAE04EC0-301F-11D3-BF4B-00C04F79EFBC}") = "Demo-09-Polymorphisme", "Demo-09-Polymorphisme\Demo-09-Polymorphisme.csproj", "{F424F465-FB18-4B3A-8FFC-B3CABC999A23}"
EndProject
Project("{FAE04EC0-301F-11D3-BF4B-00C04F79EFBC}") = "Demo-10-Abstract", "Demo-10-Abstract\Demo-10-Abstract.csproj", "{A96BC229-AF53-4F06-B90B-4B444075C6A9}"
EndProject
Project("{FAE04EC0-301F-11D3-BF4B-00C04F79EFBC}") = "Demo-11-Statique", "Demo-11-Statique\Demo-11-Statique.csproj", "{885A9657-DAD3-4847-8BBD-6E6A3012D8CA}"
EndProject
Project("{FAE04EC0-301F-11D3-BF4B-00C04F79EFBC}") = "Exercice-Static", "Exercice-Static\Exercice-Static.csproj", "{344A2A6B-C9C1-4674-82E6-EBEE74D787FF}"
EndProject
Project("{FAE04EC0-301F-11D3-BF4B-00C04F79EFBC}") = "Demo-12-Interface-01", "Demo-12-Interface-01\Demo-12-Interface-01.csproj", "{92669D52-62D6-4F68-AD9A-D9463331B532}"
EndProject
Project("{FAE04EC0-301F-11D3-BF4B-00C04F79EFBC}") = "Demo-13-Interface-02", "Demo-13-Interface-02\Demo-13-Interface-02.csproj", "{29B31446-6B64-411D-A67B-1078E39031D1}"
EndProject
Project("{FAE04EC0-301F-11D3-BF4B-00C04F79EFBC}") = "Demo-14-Interface-03", "Demo-14-Interface-03\Demo-14-Interface-03.csproj", "{3B5A422E-4985-4C8A-A90D-CBA24DA18C55}"
EndProject
Project("{FAE04EC0-301F-11D3-BF4B-00C04F79EFBC}") = "Demo-15-Interface-04", "Demo-15-Interface-04\Demo-15-Interface-04.csproj", "{93CC83ED-CA5E-41FE-BCB3-5800080146D4}"
EndProject
Project("{FAE04EC0-301F-11D3-BF4B-00C04F79EFBC}") = "Demo-16-Constructeur", "Demo-16-Constructeur\Demo-16-Constructeur.csproj", "{63BCA341-13FC-448E-A4E1-D5FFF02ED182}"
EndProject
Project("{FAE04EC0-301F-11D3-BF4B-00C04F79EFBC}") = "Demo-17-IDisposable", "Demo-17-IDisposable\Demo-17-IDisposable.csproj", "{F8F6E9CF-023D-4CF7-A115-80FC411C29C9}"
EndProject
Global
	GlobalSection(SolutionConfigurationPlatforms) = preSolution
		Debug|Any CPU = Debug|Any CPU
		Release|Any CPU = Release|Any CPU
	EndGlobalSection
	GlobalSection(ProjectConfigurationPlatforms) = postSolution
		{4BF38CF9-0300-4655-8AF2-A93F2F8CF7D8}.Debug|Any CPU.ActiveCfg = Debug|Any CPU
		{4BF38CF9-0300-4655-8AF2-A93F2F8CF7D8}.Debug|Any CPU.Build.0 = Debug|Any CPU
		{4BF38CF9-0300-4655-8AF2-A93F2F8CF7D8}.Release|Any CPU.ActiveCfg = Release|Any CPU
		{4BF38CF9-0300-4655-8AF2-A93F2F8CF7D8}.Release|Any CPU.Build.0 = Release|Any CPU
		{D26AE680-6E3E-4B73-AD33-927ECBB17BE8}.Debug|Any CPU.ActiveCfg = Debug|Any CPU
		{D26AE680-6E3E-4B73-AD33-927ECBB17BE8}.Debug|Any CPU.Build.0 = Debug|Any CPU
		{D26AE680-6E3E-4B73-AD33-927ECBB17BE8}.Release|Any CPU.ActiveCfg = Release|Any CPU
		{D26AE680-6E3E-4B73-AD33-927ECBB17BE8}.Release|Any CPU.Build.0 = Release|Any CPU
		{8E097E23-4032-4BD9-80E7-47528AD07983}.Debug|Any CPU.ActiveCfg = Debug|Any CPU
		{8E097E23-4032-4BD9-80E7-47528AD07983}.Debug|Any CPU.Build.0 = Debug|Any CPU
		{8E097E23-4032-4BD9-80E7-47528AD07983}.Release|Any CPU.ActiveCfg = Release|Any CPU
		{8E097E23-4032-4BD9-80E7-47528AD07983}.Release|Any CPU.Build.0 = Release|Any CPU
		{DB82A9E6-5199-4021-8C22-E81383C80470}.Debug|Any CPU.ActiveCfg = Debug|Any CPU
		{DB82A9E6-5199-4021-8C22-E81383C80470}.Debug|Any CPU.Build.0 = Debug|Any CPU
		{DB82A9E6-5199-4021-8C22-E81383C80470}.Release|Any CPU.ActiveCfg = Release|Any CPU
		{DB82A9E6-5199-4021-8C22-E81383C80470}.Release|Any CPU.Build.0 = Release|Any CPU
		{7DA5770C-2C4F-44D7-B767-E91E36F04A9D}.Debug|Any CPU.ActiveCfg = Debug|Any CPU
		{7DA5770C-2C4F-44D7-B767-E91E36F04A9D}.Debug|Any CPU.Build.0 = Debug|Any CPU
		{7DA5770C-2C4F-44D7-B767-E91E36F04A9D}.Release|Any CPU.ActiveCfg = Release|Any CPU
		{7DA5770C-2C4F-44D7-B767-E91E36F04A9D}.Release|Any CPU.Build.0 = Release|Any CPU
		{42D951F4-FF60-459F-8DF9-9916455976C9}.Debug|Any CPU.ActiveCfg = Debug|Any CPU
		{42D951F4-FF60-459F-8DF9-9916455976C9}.Debug|Any CPU.Build.0 = Debug|Any CPU
		{42D951F4-FF60-459F-8DF9-9916455976C9}.Release|Any CPU.ActiveCfg = Release|Any CPU
		{42D951F4-FF60-459F-8DF9-9916455976C9}.Release|Any CPU.Build.0 = Release|Any CPU
		{A2531265-F1C5-44BA-A8CD-5F214BC0E6CD}.Debug|Any CPU.ActiveCfg = Debug|Any CPU
		{A2531265-F1C5-44BA-A8CD-5F214BC0E6CD}.Debug|Any CPU.Build.0 = Debug|Any CPU
		{A2531265-F1C5-44BA-A8CD-5F214BC0E6CD}.Release|Any CPU.ActiveCfg = Release|Any CPU
		{A2531265-F1C5-44BA-A8CD-5F214BC0E6CD}.Release|Any CPU.Build.0 = Release|Any CPU
		{0C620AFC-883D-4EDA-8CD3-DE8D353FF96C}.Debug|Any CPU.ActiveCfg = Debug|Any CPU
		{0C620AFC-883D-4EDA-8CD3-DE8D353FF96C}.Debug|Any CPU.Build.0 = Debug|Any CPU
		{0C620AFC-883D-4EDA-8CD3-DE8D353FF96C}.Release|Any CPU.ActiveCfg = Release|Any CPU
		{0C620AFC-883D-4EDA-8CD3-DE8D353FF96C}.Release|Any CPU.Build.0 = Release|Any CPU
		{34DE8088-AAFE-43EB-9B8C-D4F8DFA8AB1E}.Debug|Any CPU.ActiveCfg = Debug|Any CPU
		{34DE8088-AAFE-43EB-9B8C-D4F8DFA8AB1E}.Debug|Any CPU.Build.0 = Debug|Any CPU
		{34DE8088-AAFE-43EB-9B8C-D4F8DFA8AB1E}.Release|Any CPU.ActiveCfg = Release|Any CPU
		{34DE8088-AAFE-43EB-9B8C-D4F8DFA8AB1E}.Release|Any CPU.Build.0 = Release|Any CPU
		{43DF3506-60E9-43F6-AFA6-03830D931813}.Debug|Any CPU.ActiveCfg = Debug|Any CPU
		{43DF3506-60E9-43F6-AFA6-03830D931813}.Debug|Any CPU.Build.0 = Debug|Any CPU
		{43DF3506-60E9-43F6-AFA6-03830D931813}.Release|Any CPU.ActiveCfg = Release|Any CPU
		{43DF3506-60E9-43F6-AFA6-03830D931813}.Release|Any CPU.Build.0 = Release|Any CPU
		{F424F465-FB18-4B3A-8FFC-B3CABC999A23}.Debug|Any CPU.ActiveCfg = Debug|Any CPU
		{F424F465-FB18-4B3A-8FFC-B3CABC999A23}.Debug|Any CPU.Build.0 = Debug|Any CPU
		{F424F465-FB18-4B3A-8FFC-B3CABC999A23}.Release|Any CPU.ActiveCfg = Release|Any CPU
		{F424F465-FB18-4B3A-8FFC-B3CABC999A23}.Release|Any CPU.Build.0 = Release|Any CPU
		{A96BC229-AF53-4F06-B90B-4B444075C6A9}.Debug|Any CPU.ActiveCfg = Debug|Any CPU
		{A96BC229-AF53-4F06-B90B-4B444075C6A9}.Debug|Any CPU.Build.0 = Debug|Any CPU
		{A96BC229-AF53-4F06-B90B-4B444075C6A9}.Release|Any CPU.ActiveCfg = Release|Any CPU
		{A96BC229-AF53-4F06-B90B-4B444075C6A9}.Release|Any CPU.Build.0 = Release|Any CPU
		{885A9657-DAD3-4847-8BBD-6E6A3012D8CA}.Debug|Any CPU.ActiveCfg = Debug|Any CPU
		{885A9657-DAD3-4847-8BBD-6E6A3012D8CA}.Debug|Any CPU.Build.0 = Debug|Any CPU
		{885A9657-DAD3-4847-8BBD-6E6A3012D8CA}.Release|Any CPU.ActiveCfg = Release|Any CPU
		{885A9657-DAD3-4847-8BBD-6E6A3012D8CA}.Release|Any CPU.Build.0 = Release|Any CPU
		{344A2A6B-C9C1-4674-82E6-EBEE74D787FF}.Debug|Any CPU.ActiveCfg = Debug|Any CPU
		{344A2A6B-C9C1-4674-82E6-EBEE74D787FF}.Debug|Any CPU.Build.0 = Debug|Any CPU
		{344A2A6B-C9C1-4674-82E6-EBEE74D787FF}.Release|Any CPU.ActiveCfg = Release|Any CPU
		{344A2A6B-C9C1-4674-82E6-EBEE74D787FF}.Release|Any CPU.Build.0 = Release|Any CPU
		{92669D52-62D6-4F68-AD9A-D9463331B532}.Debug|Any CPU.ActiveCfg = Debug|Any CPU
		{92669D52-62D6-4F68-AD9A-D9463331B532}.Debug|Any CPU.Build.0 = Debug|Any CPU
		{92669D52-62D6-4F68-AD9A-D9463331B532}.Release|Any CPU.ActiveCfg = Release|Any CPU
		{92669D52-62D6-4F68-AD9A-D9463331B532}.Release|Any CPU.Build.0 = Release|Any CPU
		{29B31446-6B64-411D-A67B-1078E39031D1}.Debug|Any CPU.ActiveCfg = Debug|Any CPU
		{29B31446-6B64-411D-A67B-1078E39031D1}.Debug|Any CPU.Build.0 = Debug|Any CPU
		{29B31446-6B64-411D-A67B-1078E39031D1}.Release|Any CPU.ActiveCfg = Release|Any CPU
		{29B31446-6B64-411D-A67B-1078E39031D1}.Release|Any CPU.Build.0 = Release|Any CPU
		{3B5A422E-4985-4C8A-A90D-CBA24DA18C55}.Debug|Any CPU.ActiveCfg = Debug|Any CPU
		{3B5A422E-4985-4C8A-A90D-CBA24DA18C55}.Debug|Any CPU.Build.0 = Debug|Any CPU
		{3B5A422E-4985-4C8A-A90D-CBA24DA18C55}.Release|Any CPU.ActiveCfg = Release|Any CPU
		{3B5A422E-4985-4C8A-A90D-CBA24DA18C55}.Release|Any CPU.Build.0 = Release|Any CPU
		{93CC83ED-CA5E-41FE-BCB3-5800080146D4}.Debug|Any CPU.ActiveCfg = Debug|Any CPU
		{93CC83ED-CA5E-41FE-BCB3-5800080146D4}.Debug|Any CPU.Build.0 = Debug|Any CPU
		{93CC83ED-CA5E-41FE-BCB3-5800080146D4}.Release|Any CPU.ActiveCfg = Release|Any CPU
		{93CC83ED-CA5E-41FE-BCB3-5800080146D4}.Release|Any CPU.Build.0 = Release|Any CPU
		{63BCA341-13FC-448E-A4E1-D5FFF02ED182}.Debug|Any CPU.ActiveCfg = Debug|Any CPU
		{63BCA341-13FC-448E-A4E1-D5FFF02ED182}.Debug|Any CPU.Build.0 = Debug|Any CPU
		{63BCA341-13FC-448E-A4E1-D5FFF02ED182}.Release|Any CPU.ActiveCfg = Release|Any CPU
		{63BCA341-13FC-448E-A4E1-D5FFF02ED182}.Release|Any CPU.Build.0 = Release|Any CPU
		{F8F6E9CF-023D-4CF7-A115-80FC411C29C9}.Debug|Any CPU.ActiveCfg = Debug|Any CPU
		{F8F6E9CF-023D-4CF7-A115-80FC411C29C9}.Debug|Any CPU.Build.0 = Debug|Any CPU
		{F8F6E9CF-023D-4CF7-A115-80FC411C29C9}.Release|Any CPU.ActiveCfg = Release|Any CPU
		{F8F6E9CF-023D-4CF7-A115-80FC411C29C9}.Release|Any CPU.Build.0 = Release|Any CPU
	EndGlobalSection
	GlobalSection(SolutionProperties) = preSolution
		HideSolutionNode = FALSE
	EndGlobalSection
	GlobalSection(NestedProjects) = preSolution
		{4BF38CF9-0300-4655-8AF2-A93F2F8CF7D8} = {02EA681E-C7D8-13C7-8484-4AC65E1B71E8}
		{D26AE680-6E3E-4B73-AD33-927ECBB17BE8} = {02EA681E-C7D8-13C7-8484-4AC65E1B71E8}
		{8E097E23-4032-4BD9-80E7-47528AD07983} = {02EA681E-C7D8-13C7-8484-4AC65E1B71E8}
		{DB82A9E6-5199-4021-8C22-E81383C80470} = {02EA681E-C7D8-13C7-8484-4AC65E1B71E8}
		{7DA5770C-2C4F-44D7-B767-E91E36F04A9D} = {02EA681E-C7D8-13C7-8484-4AC65E1B71E8}
		{42D951F4-FF60-459F-8DF9-9916455976C9} = {02EA681E-C7D8-13C7-8484-4AC65E1B71E8}
		{A2531265-F1C5-44BA-A8CD-5F214BC0E6CD} = {AC38D9AC-43BB-4C97-AE98-BDEA25CBD2C6}
		{0C620AFC-883D-4EDA-8CD3-DE8D353FF96C} = {02EA681E-C7D8-13C7-8484-4AC65E1B71E8}
		{34DE8088-AAFE-43EB-9B8C-D4F8DFA8AB1E} = {02EA681E-C7D8-13C7-8484-4AC65E1B71E8}
		{43DF3506-60E9-43F6-AFA6-03830D931813} = {02EA681E-C7D8-13C7-8484-4AC65E1B71E8}
		{F424F465-FB18-4B3A-8FFC-B3CABC999A23} = {02EA681E-C7D8-13C7-8484-4AC65E1B71E8}
		{A96BC229-AF53-4F06-B90B-4B444075C6A9} = {02EA681E-C7D8-13C7-8484-4AC65E1B71E8}
		{885A9657-DAD3-4847-8BBD-6E6A3012D8CA} = {02EA681E-C7D8-13C7-8484-4AC65E1B71E8}
		{344A2A6B-C9C1-4674-82E6-EBEE74D787FF} = {AC38D9AC-43BB-4C97-AE98-BDEA25CBD2C6}
		{92669D52-62D6-4F68-AD9A-D9463331B532} = {02EA681E-C7D8-13C7-8484-4AC65E1B71E8}
		{29B31446-6B64-411D-A67B-1078E39031D1} = {02EA681E-C7D8-13C7-8484-4AC65E1B71E8}
		{3B5A422E-4985-4C8A-A90D-CBA24DA18C55} = {02EA681E-C7D8-13C7-8484-4AC65E1B71E8}
		{93CC83ED-CA5E-41FE-BCB3-5800080146D4} = {02EA681E-C7D8-13C7-8484-4AC65E1B71E8}
		{63BCA341-13FC-448E-A4E1-D5FFF02ED182} = {02EA681E-C7D8-13C7-8484-4AC65E1B71E8}
		{F8F6E9CF-023D-4CF7-A115-80FC411C29C9} = {02EA681E-C7D8-13C7-8484-4AC65E1B71E8}
	EndGlobalSection
	GlobalSection(ExtensibilityGlobals) = postSolution
		SolutionGuid = {5CF39798-6C42-452F-A323-6CD1BAAA26CF}
	EndGlobalSection
EndGlobal
